
Microsoft Visual Studio Solution File, Format Version 12.00
# Visual Studio Version 16
VisualStudioVersion = 25.0.1704.0
MinimumVisualStudioVersion = 10.0.40219.1
Project("{FAE04EC0-301F-11D3-BF4B-00C04F79EFBC}") = "PlatziMauiApp", "PlatziMauiApp.csproj", "{98FD40FE-27D5-4933-A3BA-CE4FA521CF78}"
EndProject
Global
	GlobalSection(SolutionConfigurationPlatforms) = preSolution
		Debug|Any CPU = Debug|Any CPU
		Release|Any CPU = Release|Any CPU
	EndGlobalSection
	GlobalSection(ProjectConfigurationPlatforms) = postSolution
		{98FD40FE-27D5-4933-A3BA-CE4FA521CF78}.Debug|Any CPU.ActiveCfg = Debug|Any CPU
		{98FD40FE-27D5-4933-A3BA-CE4FA521CF78}.Debug|Any CPU.Build.0 = Debug|Any CPU
		{98FD40FE-27D5-4933-A3BA-CE4FA521CF78}.Release|Any CPU.ActiveCfg = Release|Any CPU
		{98FD40FE-27D5-4933-A3BA-CE4FA521CF78}.Release|Any CPU.Build.0 = Release|Any CPU
	EndGlobalSection
	GlobalSection(SolutionProperties) = preSolution
		HideSolutionNode = FALSE
	EndGlobalSection
	GlobalSection(ExtensibilityGlobals) = postSolution
		SolutionGuid = {2C7AF9BB-B5BF-4C40-96AA-3A2600E617B1}
	EndGlobalSection
EndGlobal
